// !$*UTF8*$!
{
	archiveVersion = 1;
	classes = {
	};
	objectVersion = 46;
	objects = {

/* Begin PBXBuildFile section */
		2E113C0E1ADBEBDF00CB6A43 /* MCGraylogLumberjackSupport.h in Headers */ = {isa = PBXBuildFile; fileRef = 2E113C0D1ADBEBDF00CB6A43 /* MCGraylogLumberjackSupport.h */; settings = {ATTRIBUTES = (Public, ); }; };
		2E113C2C1ADBEC3D00CB6A43 /* MCGraylogLogger.h in Headers */ = {isa = PBXBuildFile; fileRef = 2E113C291ADBEC3D00CB6A43 /* MCGraylogLogger.h */; settings = {ATTRIBUTES = (Public, ); }; };
		2E113C2D1ADBEC3D00CB6A43 /* MCGraylogLogger.m in Sources */ = {isa = PBXBuildFile; fileRef = 2E113C2A1ADBEC3D00CB6A43 /* MCGraylogLogger.m */; };
		2E113C3B1ADBEE0000CB6A43 /* MCGraylogLumberjackSupport.framework in Frameworks */ = {isa = PBXBuildFile; fileRef = 2E113C091ADBEBDF00CB6A43 /* MCGraylogLumberjackSupport.framework */; };
		2EA2704E1B6A6A8100AFA2FE /* CocoaLumberjack.framework in Frameworks */ = {isa = PBXBuildFile; fileRef = 2EA2704D1B6A6A8100AFA2FE /* CocoaLumberjack.framework */; };
		2EA2704F1B6A6A8400AFA2FE /* MCGraylog.framework in Frameworks */ = {isa = PBXBuildFile; fileRef = B855869B1737FDA400945AF3 /* MCGraylog.framework */; };
		2ED8BABC17551CFA00F6F3D6 /* MCGraylog.h in Headers */ = {isa = PBXBuildFile; fileRef = B85586AB1737FDA400945AF3 /* MCGraylog.h */; settings = {ATTRIBUTES = (Public, ); }; };
		2EFC142D1ADBF99A00CB6A43 /* MCGraylogLogger_Tests.m in Sources */ = {isa = PBXBuildFile; fileRef = 2E113C281ADBEC3D00CB6A43 /* MCGraylogLogger_Tests.m */; };
		92711D0F17B2A71E004BAE9C /* CFNetwork.framework in Frameworks */ = {isa = PBXBuildFile; fileRef = 92711D0E17B2A71E004BAE9C /* CFNetwork.framework */; settings = {ATTRIBUTES = (Weak, ); }; };
		AF8F753217A1815800E72561 /* Internals.h in Headers */ = {isa = PBXBuildFile; fileRef = AFC59FD6179D7FC800816DA2 /* Internals.h */; settings = {ATTRIBUTES = (Private, ); }; };
		AFE428BB1A71E3140016818E /* Foundation.framework in Frameworks */ = {isa = PBXBuildFile; fileRef = B85586A31737FDA400945AF3 /* Foundation.framework */; };
		AFE428C71A71E34A0016818E /* MCGraylog.framework in Frameworks */ = {isa = PBXBuildFile; fileRef = B855869B1737FDA400945AF3 /* MCGraylog.framework */; };
		AFE428CD1A71E3910016818E /* MCGraylogIntegrationTests.m in Sources */ = {isa = PBXBuildFile; fileRef = 2E638C2E1753E78C009E98BD /* MCGraylogIntegrationTests.m */; };
		AFE428CE1A71E3910016818E /* MCGraylogTests.m in Sources */ = {isa = PBXBuildFile; fileRef = AF5B0A70179C8B7A0056C6E8 /* MCGraylogTests.m */; };
		AFE428D01A71EC5A0016818E /* logstash.conf in Resources */ = {isa = PBXBuildFile; fileRef = AFE428CF1A71EC5A0016818E /* logstash.conf */; };
		B85586A91737FDA400945AF3 /* InfoPlist.strings in Resources */ = {isa = PBXBuildFile; fileRef = B85586A71737FDA400945AF3 /* InfoPlist.strings */; };
		B85586AD1737FDA400945AF3 /* MCGraylog.m in Sources */ = {isa = PBXBuildFile; fileRef = B85586AC1737FDA400945AF3 /* MCGraylog.m */; };
		B85586CE1737FE4200945AF3 /* libz.dylib in Frameworks */ = {isa = PBXBuildFile; fileRef = B85586CD1737FE4200945AF3 /* libz.dylib */; };
/* End PBXBuildFile section */

/* Begin PBXContainerItemProxy section */
		2E113C3C1ADBEE0000CB6A43 /* PBXContainerItemProxy */ = {
			isa = PBXContainerItemProxy;
			containerPortal = B85586921737FDA300945AF3 /* Project object */;
			proxyType = 1;
			remoteGlobalIDString = 2E113C081ADBEBDF00CB6A43;
			remoteInfo = MCGraylogLumberjackSupport;
		};
		AFE428C81A71E34A0016818E /* PBXContainerItemProxy */ = {
			isa = PBXContainerItemProxy;
			containerPortal = B85586921737FDA300945AF3 /* Project object */;
			proxyType = 1;
			remoteGlobalIDString = B855869A1737FDA400945AF3;
			remoteInfo = MCGraylog;
		};
/* End PBXContainerItemProxy section */

/* Begin PBXFileReference section */
		2E113C091ADBEBDF00CB6A43 /* MCGraylogLumberjackSupport.framework */ = {isa = PBXFileReference; explicitFileType = wrapper.framework; includeInIndex = 0; path = MCGraylogLumberjackSupport.framework; sourceTree = BUILT_PRODUCTS_DIR; };
		2E113C0C1ADBEBDF00CB6A43 /* Info.plist */ = {isa = PBXFileReference; lastKnownFileType = text.plist.xml; path = Info.plist; sourceTree = "<group>"; };
		2E113C0D1ADBEBDF00CB6A43 /* MCGraylogLumberjackSupport.h */ = {isa = PBXFileReference; lastKnownFileType = sourcecode.c.h; path = MCGraylogLumberjackSupport.h; sourceTree = "<group>"; };
		2E113C281ADBEC3D00CB6A43 /* MCGraylogLogger_Tests.m */ = {isa = PBXFileReference; fileEncoding = 4; lastKnownFileType = sourcecode.c.objc; name = MCGraylogLogger_Tests.m; path = ../MCGraylogLumberjackSupport/MCGraylogLogger_Tests.m; sourceTree = "<group>"; };
		2E113C291ADBEC3D00CB6A43 /* MCGraylogLogger.h */ = {isa = PBXFileReference; fileEncoding = 4; lastKnownFileType = sourcecode.c.h; path = MCGraylogLogger.h; sourceTree = "<group>"; };
		2E113C2A1ADBEC3D00CB6A43 /* MCGraylogLogger.m */ = {isa = PBXFileReference; fileEncoding = 4; lastKnownFileType = sourcecode.c.objc; path = MCGraylogLogger.m; sourceTree = "<group>"; };
		2E113C351ADBEE0000CB6A43 /* MCGraylogLumberjackSupport Tests.xctest */ = {isa = PBXFileReference; explicitFileType = wrapper.cfbundle; includeInIndex = 0; path = "MCGraylogLumberjackSupport Tests.xctest"; sourceTree = BUILT_PRODUCTS_DIR; };
		2E113C381ADBEE0000CB6A43 /* Info.plist */ = {isa = PBXFileReference; lastKnownFileType = text.plist.xml; path = Info.plist; sourceTree = "<group>"; };
		2E638C2E1753E78C009E98BD /* MCGraylogIntegrationTests.m */ = {isa = PBXFileReference; fileEncoding = 4; lastKnownFileType = sourcecode.c.objc; name = MCGraylogIntegrationTests.m; path = ../MCGraylogTests/MCGraylogIntegrationTests.m; sourceTree = "<group>"; };
		2EA2704D1B6A6A8100AFA2FE /* CocoaLumberjack.framework */ = {isa = PBXFileReference; lastKnownFileType = wrapper.framework; name = CocoaLumberjack.framework; path = "../../../../../Library/Developer/Xcode/DerivedData/Javin-gzfhfsalzfetrtaoaxyyhfwsbwgm/Build/Products/Debug/CocoaLumberjack.framework"; sourceTree = "<group>"; };
		92711D0E17B2A71E004BAE9C /* CFNetwork.framework */ = {isa = PBXFileReference; lastKnownFileType = wrapper.framework; name = CFNetwork.framework; path = System/Library/Frameworks/CFNetwork.framework; sourceTree = SDKROOT; };
		AF5B0A70179C8B7A0056C6E8 /* MCGraylogTests.m */ = {isa = PBXFileReference; fileEncoding = 4; lastKnownFileType = sourcecode.c.objc; name = MCGraylogTests.m; path = ../MCGraylogTests/MCGraylogTests.m; sourceTree = "<group>"; };
		AFC59FD6179D7FC800816DA2 /* Internals.h */ = {isa = PBXFileReference; lastKnownFileType = sourcecode.c.h; name = Internals.h; path = "MCGraylog/Private Headers/Internals.h"; sourceTree = "<group>"; };
		AFE428C11A71E34A0016818E /* MCGraylog Tests.xctest */ = {isa = PBXFileReference; explicitFileType = wrapper.cfbundle; includeInIndex = 0; path = "MCGraylog Tests.xctest"; sourceTree = BUILT_PRODUCTS_DIR; };
		AFE428C41A71E34A0016818E /* Info.plist */ = {isa = PBXFileReference; lastKnownFileType = text.plist.xml; path = Info.plist; sourceTree = "<group>"; };
		AFE428CF1A71EC5A0016818E /* logstash.conf */ = {isa = PBXFileReference; fileEncoding = 4; lastKnownFileType = text; path = logstash.conf; sourceTree = "<group>"; };
		B855869B1737FDA400945AF3 /* MCGraylog.framework */ = {isa = PBXFileReference; explicitFileType = wrapper.framework; includeInIndex = 0; path = MCGraylog.framework; sourceTree = BUILT_PRODUCTS_DIR; };
		B85586A31737FDA400945AF3 /* Foundation.framework */ = {isa = PBXFileReference; lastKnownFileType = wrapper.framework; name = Foundation.framework; path = System/Library/Frameworks/Foundation.framework; sourceTree = SDKROOT; };
		B85586A61737FDA400945AF3 /* MCGraylog-Info.plist */ = {isa = PBXFileReference; lastKnownFileType = text.plist.xml; path = "MCGraylog-Info.plist"; sourceTree = "<group>"; };
		B85586A81737FDA400945AF3 /* en */ = {isa = PBXFileReference; lastKnownFileType = text.plist.strings; name = en; path = en.lproj/InfoPlist.strings; sourceTree = "<group>"; };
		B85586AA1737FDA400945AF3 /* MCGraylog-Prefix.pch */ = {isa = PBXFileReference; lastKnownFileType = sourcecode.c.h; path = "MCGraylog-Prefix.pch"; sourceTree = "<group>"; };
		B85586AB1737FDA400945AF3 /* MCGraylog.h */ = {isa = PBXFileReference; lastKnownFileType = sourcecode.c.h; path = MCGraylog.h; sourceTree = "<group>"; };
		B85586AC1737FDA400945AF3 /* MCGraylog.m */ = {isa = PBXFileReference; lastKnownFileType = sourcecode.c.objc; path = MCGraylog.m; sourceTree = "<group>"; };
		B85586CD1737FE4200945AF3 /* libz.dylib */ = {isa = PBXFileReference; lastKnownFileType = "compiled.mach-o.dylib"; name = libz.dylib; path = usr/lib/libz.dylib; sourceTree = SDKROOT; };
/* End PBXFileReference section */

/* Begin PBXFrameworksBuildPhase section */
		2E113C051ADBEBDF00CB6A43 /* Frameworks */ = {
			isa = PBXFrameworksBuildPhase;
			buildActionMask = 2147483647;
			files = (
				2EA2704E1B6A6A8100AFA2FE /* CocoaLumberjack.framework in Frameworks */,
				2EA2704F1B6A6A8400AFA2FE /* MCGraylog.framework in Frameworks */,
			);
			runOnlyForDeploymentPostprocessing = 0;
		};
		2E113C321ADBEE0000CB6A43 /* Frameworks */ = {
			isa = PBXFrameworksBuildPhase;
			buildActionMask = 2147483647;
			files = (
				2E113C3B1ADBEE0000CB6A43 /* MCGraylogLumberjackSupport.framework in Frameworks */,
			);
			runOnlyForDeploymentPostprocessing = 0;
		};
		AFE428BE1A71E34A0016818E /* Frameworks */ = {
			isa = PBXFrameworksBuildPhase;
			buildActionMask = 2147483647;
			files = (
				AFE428C71A71E34A0016818E /* MCGraylog.framework in Frameworks */,
			);
			runOnlyForDeploymentPostprocessing = 0;
		};
		B85586971737FDA400945AF3 /* Frameworks */ = {
			isa = PBXFrameworksBuildPhase;
			buildActionMask = 2147483647;
			files = (
				AFE428BB1A71E3140016818E /* Foundation.framework in Frameworks */,
				92711D0F17B2A71E004BAE9C /* CFNetwork.framework in Frameworks */,
				B85586CE1737FE4200945AF3 /* libz.dylib in Frameworks */,
			);
			runOnlyForDeploymentPostprocessing = 0;
		};
/* End PBXFrameworksBuildPhase section */

/* Begin PBXGroup section */
		2E113C0A1ADBEBDF00CB6A43 /* MCGraylogLumberjackSupport */ = {
			isa = PBXGroup;
			children = (
				2E113C291ADBEC3D00CB6A43 /* MCGraylogLogger.h */,
				2E113C2A1ADBEC3D00CB6A43 /* MCGraylogLogger.m */,
				2E113C0D1ADBEBDF00CB6A43 /* MCGraylogLumberjackSupport.h */,
				2E113C0B1ADBEBDF00CB6A43 /* Supporting Files */,
			);
			path = MCGraylogLumberjackSupport;
			sourceTree = "<group>";
		};
		2E113C0B1ADBEBDF00CB6A43 /* Supporting Files */ = {
			isa = PBXGroup;
			children = (
				2E113C0C1ADBEBDF00CB6A43 /* Info.plist */,
			);
			name = "Supporting Files";
			sourceTree = "<group>";
		};
		2E113C361ADBEE0000CB6A43 /* MCGraylogLumberjackSupport Tests */ = {
			isa = PBXGroup;
			children = (
				2E113C281ADBEC3D00CB6A43 /* MCGraylogLogger_Tests.m */,
				2E113C371ADBEE0000CB6A43 /* Supporting Files */,
			);
			path = "MCGraylogLumberjackSupport Tests";
			sourceTree = "<group>";
		};
		2E113C371ADBEE0000CB6A43 /* Supporting Files */ = {
			isa = PBXGroup;
			children = (
				2E113C381ADBEE0000CB6A43 /* Info.plist */,
			);
			name = "Supporting Files";
			sourceTree = "<group>";
		};
		AFC59FD7179D7FF400816DA2 /* Private Headers */ = {
			isa = PBXGroup;
			children = (
				AFC59FD6179D7FC800816DA2 /* Internals.h */,
			);
			name = "Private Headers";
			path = ..;
			sourceTree = "<group>";
		};
		AFE428C21A71E34A0016818E /* MCGraylog Tests */ = {
			isa = PBXGroup;
			children = (
				2E638C2E1753E78C009E98BD /* MCGraylogIntegrationTests.m */,
				AF5B0A70179C8B7A0056C6E8 /* MCGraylogTests.m */,
				AFE428C31A71E34A0016818E /* Supporting Files */,
			);
			path = "MCGraylog Tests";
			sourceTree = "<group>";
		};
		AFE428C31A71E34A0016818E /* Supporting Files */ = {
			isa = PBXGroup;
			children = (
				AFE428CF1A71EC5A0016818E /* logstash.conf */,
				AFE428C41A71E34A0016818E /* Info.plist */,
			);
			name = "Supporting Files";
			sourceTree = "<group>";
		};
		B85586911737FDA300945AF3 = {
			isa = PBXGroup;
			children = (
				B85586A41737FDA400945AF3 /* MCGraylog */,
				AFE428C21A71E34A0016818E /* MCGraylog Tests */,
				2E113C0A1ADBEBDF00CB6A43 /* MCGraylogLumberjackSupport */,
				2E113C361ADBEE0000CB6A43 /* MCGraylogLumberjackSupport Tests */,
				B855869D1737FDA400945AF3 /* Frameworks */,
				B855869C1737FDA400945AF3 /* Products */,
			);
			sourceTree = "<group>";
		};
		B855869C1737FDA400945AF3 /* Products */ = {
			isa = PBXGroup;
			children = (
				B855869B1737FDA400945AF3 /* MCGraylog.framework */,
				AFE428C11A71E34A0016818E /* MCGraylog Tests.xctest */,
				2E113C091ADBEBDF00CB6A43 /* MCGraylogLumberjackSupport.framework */,
				2E113C351ADBEE0000CB6A43 /* MCGraylogLumberjackSupport Tests.xctest */,
			);
			name = Products;
			sourceTree = "<group>";
		};
		B855869D1737FDA400945AF3 /* Frameworks */ = {
			isa = PBXGroup;
			children = (
				2EA2704D1B6A6A8100AFA2FE /* CocoaLumberjack.framework */,
				92711D0E17B2A71E004BAE9C /* CFNetwork.framework */,
				B85586CD1737FE4200945AF3 /* libz.dylib */,
				B85586A31737FDA400945AF3 /* Foundation.framework */,
			);
			name = Frameworks;
			sourceTree = "<group>";
		};
		B85586A41737FDA400945AF3 /* MCGraylog */ = {
			isa = PBXGroup;
			children = (
				B85586AB1737FDA400945AF3 /* MCGraylog.h */,
				B85586AC1737FDA400945AF3 /* MCGraylog.m */,
				AFC59FD7179D7FF400816DA2 /* Private Headers */,
				B85586A51737FDA400945AF3 /* Supporting Files */,
			);
			path = MCGraylog;
			sourceTree = "<group>";
		};
		B85586A51737FDA400945AF3 /* Supporting Files */ = {
			isa = PBXGroup;
			children = (
				B85586A61737FDA400945AF3 /* MCGraylog-Info.plist */,
				B85586A71737FDA400945AF3 /* InfoPlist.strings */,
				B85586AA1737FDA400945AF3 /* MCGraylog-Prefix.pch */,
			);
			name = "Supporting Files";
			sourceTree = "<group>";
		};
/* End PBXGroup section */

/* Begin PBXHeadersBuildPhase section */
		2E113C061ADBEBDF00CB6A43 /* Headers */ = {
			isa = PBXHeadersBuildPhase;
			buildActionMask = 2147483647;
			files = (
				2E113C2C1ADBEC3D00CB6A43 /* MCGraylogLogger.h in Headers */,
				2E113C0E1ADBEBDF00CB6A43 /* MCGraylogLumberjackSupport.h in Headers */,
			);
			runOnlyForDeploymentPostprocessing = 0;
		};
		B85586981737FDA400945AF3 /* Headers */ = {
			isa = PBXHeadersBuildPhase;
			buildActionMask = 2147483647;
			files = (
				2ED8BABC17551CFA00F6F3D6 /* MCGraylog.h in Headers */,
				AF8F753217A1815800E72561 /* Internals.h in Headers */,
			);
			runOnlyForDeploymentPostprocessing = 0;
		};
/* End PBXHeadersBuildPhase section */

/* Begin PBXNativeTarget section */
		2E113C081ADBEBDF00CB6A43 /* MCGraylogLumberjackSupport */ = {
			isa = PBXNativeTarget;
			buildConfigurationList = 2E113C201ADBEBE000CB6A43 /* Build configuration list for PBXNativeTarget "MCGraylogLumberjackSupport" */;
			buildPhases = (
				2E113C041ADBEBDF00CB6A43 /* Sources */,
				2E113C051ADBEBDF00CB6A43 /* Frameworks */,
				2E113C061ADBEBDF00CB6A43 /* Headers */,
				2E113C071ADBEBDF00CB6A43 /* Resources */,
			);
			buildRules = (
			);
			dependencies = (
			);
			name = MCGraylogLumberjackSupport;
			productName = MCGraylogLumberjackSupport;
			productReference = 2E113C091ADBEBDF00CB6A43 /* MCGraylogLumberjackSupport.framework */;
			productType = "com.apple.product-type.framework";
		};
		2E113C341ADBEE0000CB6A43 /* MCGraylogLumberjackSupport Tests */ = {
			isa = PBXNativeTarget;
			buildConfigurationList = 2E113C3E1ADBEE0000CB6A43 /* Build configuration list for PBXNativeTarget "MCGraylogLumberjackSupport Tests" */;
			buildPhases = (
				2E113C311ADBEE0000CB6A43 /* Sources */,
				2E113C321ADBEE0000CB6A43 /* Frameworks */,
				2E113C331ADBEE0000CB6A43 /* Resources */,
			);
			buildRules = (
			);
			dependencies = (
				2E113C3D1ADBEE0000CB6A43 /* PBXTargetDependency */,
			);
			name = "MCGraylogLumberjackSupport Tests";
			productName = "MCGraylogLumberjackSupport Tests";
			productReference = 2E113C351ADBEE0000CB6A43 /* MCGraylogLumberjackSupport Tests.xctest */;
			productType = "com.apple.product-type.bundle.unit-test";
		};
		AFE428C01A71E34A0016818E /* MCGraylog Tests */ = {
			isa = PBXNativeTarget;
			buildConfigurationList = AFE428CA1A71E34A0016818E /* Build configuration list for PBXNativeTarget "MCGraylog Tests" */;
			buildPhases = (
				AFE428BD1A71E34A0016818E /* Sources */,
				AFE428BE1A71E34A0016818E /* Frameworks */,
				AFE428BF1A71E34A0016818E /* Resources */,
			);
			buildRules = (
			);
			dependencies = (
				AFE428C91A71E34A0016818E /* PBXTargetDependency */,
			);
			name = "MCGraylog Tests";
			productName = "MCGraylog Tests";
			productReference = AFE428C11A71E34A0016818E /* MCGraylog Tests.xctest */;
			productType = "com.apple.product-type.bundle.unit-test";
		};
		B855869A1737FDA400945AF3 /* MCGraylog */ = {
			isa = PBXNativeTarget;
			buildConfigurationList = B85586C51737FDA400945AF3 /* Build configuration list for PBXNativeTarget "MCGraylog" */;
			buildPhases = (
				B85586961737FDA400945AF3 /* Sources */,
				B85586971737FDA400945AF3 /* Frameworks */,
				B85586981737FDA400945AF3 /* Headers */,
				B85586991737FDA400945AF3 /* Resources */,
			);
			buildRules = (
			);
			dependencies = (
			);
			name = MCGraylog;
			productName = MCGraylog;
			productReference = B855869B1737FDA400945AF3 /* MCGraylog.framework */;
			productType = "com.apple.product-type.framework";
		};
/* End PBXNativeTarget section */

/* Begin PBXProject section */
		B85586921737FDA300945AF3 /* Project object */ = {
			isa = PBXProject;
			attributes = {
				LastTestingUpgradeCheck = 0620;
				LastUpgradeCheck = 0510;
				ORGANIZATIONNAME = Marketcircle;
				TargetAttributes = {
					2E113C081ADBEBDF00CB6A43 = {
						CreatedOnToolsVersion = 6.2;
					};
					2E113C341ADBEE0000CB6A43 = {
						CreatedOnToolsVersion = 6.2;
					};
					AFE428C01A71E34A0016818E = {
						CreatedOnToolsVersion = 6.2;
					};
				};
			};
			buildConfigurationList = B85586951737FDA300945AF3 /* Build configuration list for PBXProject "MCGraylog" */;
			compatibilityVersion = "Xcode 3.2";
			developmentRegion = English;
			hasScannedForEncodings = 0;
			knownRegions = (
				en,
			);
			mainGroup = B85586911737FDA300945AF3;
			productRefGroup = B855869C1737FDA400945AF3 /* Products */;
			projectDirPath = "";
			projectRoot = "";
			targets = (
				B855869A1737FDA400945AF3 /* MCGraylog */,
				AFE428C01A71E34A0016818E /* MCGraylog Tests */,
				2E113C081ADBEBDF00CB6A43 /* MCGraylogLumberjackSupport */,
				2E113C341ADBEE0000CB6A43 /* MCGraylogLumberjackSupport Tests */,
			);
		};
/* End PBXProject section */

/* Begin PBXResourcesBuildPhase section */
		2E113C071ADBEBDF00CB6A43 /* Resources */ = {
			isa = PBXResourcesBuildPhase;
			buildActionMask = 2147483647;
			files = (
			);
			runOnlyForDeploymentPostprocessing = 0;
		};
		2E113C331ADBEE0000CB6A43 /* Resources */ = {
			isa = PBXResourcesBuildPhase;
			buildActionMask = 2147483647;
			files = (
			);
			runOnlyForDeploymentPostprocessing = 0;
		};
		AFE428BF1A71E34A0016818E /* Resources */ = {
			isa = PBXResourcesBuildPhase;
			buildActionMask = 2147483647;
			files = (
				AFE428D01A71EC5A0016818E /* logstash.conf in Resources */,
			);
			runOnlyForDeploymentPostprocessing = 0;
		};
		B85586991737FDA400945AF3 /* Resources */ = {
			isa = PBXResourcesBuildPhase;
			buildActionMask = 2147483647;
			files = (
				B85586A91737FDA400945AF3 /* InfoPlist.strings in Resources */,
			);
			runOnlyForDeploymentPostprocessing = 0;
		};
/* End PBXResourcesBuildPhase section */

/* Begin PBXSourcesBuildPhase section */
		2E113C041ADBEBDF00CB6A43 /* Sources */ = {
			isa = PBXSourcesBuildPhase;
			buildActionMask = 2147483647;
			files = (
				2E113C2D1ADBEC3D00CB6A43 /* MCGraylogLogger.m in Sources */,
			);
			runOnlyForDeploymentPostprocessing = 0;
		};
		2E113C311ADBEE0000CB6A43 /* Sources */ = {
			isa = PBXSourcesBuildPhase;
			buildActionMask = 2147483647;
			files = (
				2EFC142D1ADBF99A00CB6A43 /* MCGraylogLogger_Tests.m in Sources */,
			);
			runOnlyForDeploymentPostprocessing = 0;
		};
		AFE428BD1A71E34A0016818E /* Sources */ = {
			isa = PBXSourcesBuildPhase;
			buildActionMask = 2147483647;
			files = (
				AFE428CD1A71E3910016818E /* MCGraylogIntegrationTests.m in Sources */,
				AFE428CE1A71E3910016818E /* MCGraylogTests.m in Sources */,
			);
			runOnlyForDeploymentPostprocessing = 0;
		};
		B85586961737FDA400945AF3 /* Sources */ = {
			isa = PBXSourcesBuildPhase;
			buildActionMask = 2147483647;
			files = (
				B85586AD1737FDA400945AF3 /* MCGraylog.m in Sources */,
			);
			runOnlyForDeploymentPostprocessing = 0;
		};
/* End PBXSourcesBuildPhase section */

/* Begin PBXTargetDependency section */
		2E113C3D1ADBEE0000CB6A43 /* PBXTargetDependency */ = {
			isa = PBXTargetDependency;
			target = 2E113C081ADBEBDF00CB6A43 /* MCGraylogLumberjackSupport */;
			targetProxy = 2E113C3C1ADBEE0000CB6A43 /* PBXContainerItemProxy */;
		};
		AFE428C91A71E34A0016818E /* PBXTargetDependency */ = {
			isa = PBXTargetDependency;
			target = B855869A1737FDA400945AF3 /* MCGraylog */;
			targetProxy = AFE428C81A71E34A0016818E /* PBXContainerItemProxy */;
		};
/* End PBXTargetDependency section */

/* Begin PBXVariantGroup section */
		B85586A71737FDA400945AF3 /* InfoPlist.strings */ = {
			isa = PBXVariantGroup;
			children = (
				B85586A81737FDA400945AF3 /* en */,
			);
			name = InfoPlist.strings;
			sourceTree = "<group>";
		};
/* End PBXVariantGroup section */

/* Begin XCBuildConfiguration section */
		2E113C1C1ADBEBE000CB6A43 /* Debug */ = {
			isa = XCBuildConfiguration;
			buildSettings = {
				CLANG_ENABLE_MODULES = YES;
				CLANG_WARN_BOOL_CONVERSION = YES;
				CLANG_WARN_DIRECT_OBJC_ISA_USAGE = YES_ERROR;
				CLANG_WARN_OBJC_ROOT_CLASS = YES_ERROR;
				CLANG_WARN_UNREACHABLE_CODE = YES;
				COMBINE_HIDPI_IMAGES = YES;
				CURRENT_PROJECT_VERSION = 1;
				DEFINES_MODULE = YES;
				DYLIB_COMPATIBILITY_VERSION = 1;
				DYLIB_CURRENT_VERSION = 1;
				DYLIB_INSTALL_NAME_BASE = "@rpath";
				ENABLE_STRICT_OBJC_MSGSEND = YES;
				FRAMEWORK_SEARCH_PATHS = "$(inherited)";
				FRAMEWORK_VERSION = A;
				GCC_PREPROCESSOR_DEFINITIONS = (
					"DEBUG=1",
					"$(inherited)",
				);
				GCC_WARN_ABOUT_RETURN_TYPE = YES_ERROR;
				GCC_WARN_UNDECLARED_SELECTOR = YES;
				GCC_WARN_UNINITIALIZED_AUTOS = YES_AGGRESSIVE;
				GCC_WARN_UNUSED_FUNCTION = YES;
				INFOPLIST_FILE = MCGraylogLumberjackSupport/Info.plist;
				INSTALL_PATH = "$(LOCAL_LIBRARY_DIR)/Frameworks";
				LD_RUNPATH_SEARCH_PATHS = "$(inherited) @executable_path/../Frameworks @loader_path/Frameworks";
				MACOSX_DEPLOYMENT_TARGET = 10.10;
				MTL_ENABLE_DEBUG_INFO = YES;
				PRODUCT_NAME = "$(TARGET_NAME)";
				SKIP_INSTALL = YES;
				VERSIONING_SYSTEM = "apple-generic";
				VERSION_INFO_PREFIX = "";
				WARNING_CFLAGS = (
					"-Weverything",
					"-Wno-direct-ivar-access",
				);
			};
			name = Debug;
		};
		2E113C1D1ADBEBE000CB6A43 /* Release */ = {
			isa = XCBuildConfiguration;
			buildSettings = {
				CLANG_ENABLE_MODULES = YES;
				CLANG_WARN_BOOL_CONVERSION = YES;
				CLANG_WARN_DIRECT_OBJC_ISA_USAGE = YES_ERROR;
				CLANG_WARN_OBJC_ROOT_CLASS = YES_ERROR;
				CLANG_WARN_UNREACHABLE_CODE = YES;
				COMBINE_HIDPI_IMAGES = YES;
				COPY_PHASE_STRIP = NO;
				CURRENT_PROJECT_VERSION = 1;
				DEFINES_MODULE = YES;
				DYLIB_COMPATIBILITY_VERSION = 1;
				DYLIB_CURRENT_VERSION = 1;
				DYLIB_INSTALL_NAME_BASE = "@rpath";
				ENABLE_NS_ASSERTIONS = NO;
				ENABLE_STRICT_OBJC_MSGSEND = YES;
				FRAMEWORK_SEARCH_PATHS = "$(inherited)";
				FRAMEWORK_VERSION = A;
				GCC_WARN_ABOUT_RETURN_TYPE = YES_ERROR;
				GCC_WARN_UNDECLARED_SELECTOR = YES;
				GCC_WARN_UNINITIALIZED_AUTOS = YES_AGGRESSIVE;
				GCC_WARN_UNUSED_FUNCTION = YES;
				INFOPLIST_FILE = MCGraylogLumberjackSupport/Info.plist;
				INSTALL_PATH = "$(LOCAL_LIBRARY_DIR)/Frameworks";
				LD_RUNPATH_SEARCH_PATHS = "$(inherited) @executable_path/../Frameworks @loader_path/Frameworks";
				LLVM_LTO = YES;
				MACOSX_DEPLOYMENT_TARGET = 10.10;
				MTL_ENABLE_DEBUG_INFO = NO;
				PRODUCT_NAME = "$(TARGET_NAME)";
				SKIP_INSTALL = YES;
				VERSIONING_SYSTEM = "apple-generic";
				VERSION_INFO_PREFIX = "";
				WARNING_CFLAGS = (
					"-Weverything",
					"-Wno-direct-ivar-access",
				);
			};
			name = Release;
		};
		2E113C3F1ADBEE0000CB6A43 /* Debug */ = {
			isa = XCBuildConfiguration;
			buildSettings = {
				CLANG_ENABLE_MODULES = YES;
				CLANG_WARN_BOOL_CONVERSION = YES;
				CLANG_WARN_DIRECT_OBJC_ISA_USAGE = YES_ERROR;
				CLANG_WARN_OBJC_ROOT_CLASS = YES_ERROR;
				CLANG_WARN_UNREACHABLE_CODE = YES;
				COMBINE_HIDPI_IMAGES = YES;
				ENABLE_STRICT_OBJC_MSGSEND = YES;
				FRAMEWORK_SEARCH_PATHS = (
					"$(DEVELOPER_FRAMEWORKS_DIR)",
					"$(inherited)",
				);
				GCC_PREPROCESSOR_DEFINITIONS = (
					"DEBUG=1",
					"$(inherited)",
				);
				GCC_WARN_ABOUT_RETURN_TYPE = YES_ERROR;
				GCC_WARN_UNDECLARED_SELECTOR = YES;
				GCC_WARN_UNINITIALIZED_AUTOS = YES_AGGRESSIVE;
				GCC_WARN_UNUSED_FUNCTION = YES;
				INFOPLIST_FILE = "MCGraylogLumberjackSupport Tests/Info.plist";
				LD_RUNPATH_SEARCH_PATHS = "$(inherited) @executable_path/../Frameworks @loader_path/../Frameworks";
				MACOSX_DEPLOYMENT_TARGET = 10.10;
				MTL_ENABLE_DEBUG_INFO = YES;
				PRODUCT_NAME = "$(TARGET_NAME)";
			};
			name = Debug;
		};
		2E113C401ADBEE0000CB6A43 /* Release */ = {
			isa = XCBuildConfiguration;
			buildSettings = {
				CLANG_ENABLE_MODULES = YES;
				CLANG_WARN_BOOL_CONVERSION = YES;
				CLANG_WARN_DIRECT_OBJC_ISA_USAGE = YES_ERROR;
				CLANG_WARN_OBJC_ROOT_CLASS = YES_ERROR;
				CLANG_WARN_UNREACHABLE_CODE = YES;
				COMBINE_HIDPI_IMAGES = YES;
				COPY_PHASE_STRIP = NO;
				ENABLE_NS_ASSERTIONS = NO;
				ENABLE_STRICT_OBJC_MSGSEND = YES;
				FRAMEWORK_SEARCH_PATHS = (
					"$(DEVELOPER_FRAMEWORKS_DIR)",
					"$(inherited)",
				);
				GCC_WARN_ABOUT_RETURN_TYPE = YES_ERROR;
				GCC_WARN_UNDECLARED_SELECTOR = YES;
				GCC_WARN_UNINITIALIZED_AUTOS = YES_AGGRESSIVE;
				GCC_WARN_UNUSED_FUNCTION = YES;
				INFOPLIST_FILE = "MCGraylogLumberjackSupport Tests/Info.plist";
				LD_RUNPATH_SEARCH_PATHS = "$(inherited) @executable_path/../Frameworks @loader_path/../Frameworks";
				MACOSX_DEPLOYMENT_TARGET = 10.10;
				MTL_ENABLE_DEBUG_INFO = NO;
				PRODUCT_NAME = "$(TARGET_NAME)";
			};
			name = Release;
		};
		AFE428CB1A71E34A0016818E /* Debug */ = {
			isa = XCBuildConfiguration;
			buildSettings = {
				CLANG_ENABLE_MODULES = YES;
				CLANG_WARN_BOOL_CONVERSION = YES;
				CLANG_WARN_DIRECT_OBJC_ISA_USAGE = YES_ERROR;
				CLANG_WARN_OBJC_ROOT_CLASS = YES_ERROR;
				CLANG_WARN_UNREACHABLE_CODE = YES;
				COMBINE_HIDPI_IMAGES = YES;
				ENABLE_STRICT_OBJC_MSGSEND = YES;
				FRAMEWORK_SEARCH_PATHS = (
					"$(DEVELOPER_FRAMEWORKS_DIR)",
					"$(inherited)",
				);
				GCC_PREPROCESSOR_DEFINITIONS = (
					"DEBUG=1",
					"$(inherited)",
				);
				GCC_WARN_ABOUT_RETURN_TYPE = YES_ERROR;
				GCC_WARN_UNDECLARED_SELECTOR = YES;
				GCC_WARN_UNINITIALIZED_AUTOS = YES_AGGRESSIVE;
				GCC_WARN_UNUSED_FUNCTION = YES;
				INFOPLIST_FILE = "MCGraylog Tests/Info.plist";
				LD_RUNPATH_SEARCH_PATHS = "$(inherited) @executable_path/../Frameworks @loader_path/../Frameworks";
				MACOSX_DEPLOYMENT_TARGET = 10.10;
				MTL_ENABLE_DEBUG_INFO = YES;
				PRODUCT_NAME = "$(TARGET_NAME)";
			};
			name = Debug;
		};
		AFE428CC1A71E34A0016818E /* Release */ = {
			isa = XCBuildConfiguration;
			buildSettings = {
				CLANG_ENABLE_MODULES = YES;
				CLANG_WARN_BOOL_CONVERSION = YES;
				CLANG_WARN_DIRECT_OBJC_ISA_USAGE = YES_ERROR;
				CLANG_WARN_OBJC_ROOT_CLASS = YES_ERROR;
				CLANG_WARN_UNREACHABLE_CODE = YES;
				COMBINE_HIDPI_IMAGES = YES;
				COPY_PHASE_STRIP = NO;
				ENABLE_NS_ASSERTIONS = NO;
				ENABLE_STRICT_OBJC_MSGSEND = YES;
				FRAMEWORK_SEARCH_PATHS = (
					"$(DEVELOPER_FRAMEWORKS_DIR)",
					"$(inherited)",
				);
				GCC_WARN_ABOUT_RETURN_TYPE = YES_ERROR;
				GCC_WARN_UNDECLARED_SELECTOR = YES;
				GCC_WARN_UNINITIALIZED_AUTOS = YES_AGGRESSIVE;
				GCC_WARN_UNUSED_FUNCTION = YES;
				INFOPLIST_FILE = "MCGraylog Tests/Info.plist";
				LD_RUNPATH_SEARCH_PATHS = "$(inherited) @executable_path/../Frameworks @loader_path/../Frameworks";
				MACOSX_DEPLOYMENT_TARGET = 10.10;
				MTL_ENABLE_DEBUG_INFO = NO;
				PRODUCT_NAME = "$(TARGET_NAME)";
			};
			name = Release;
		};
		B85586C31737FDA400945AF3 /* Debug */ = {
			isa = XCBuildConfiguration;
			buildSettings = {
				ALWAYS_SEARCH_USER_PATHS = NO;
				CLANG_CXX_LANGUAGE_STANDARD = "gnu++0x";
				CLANG_CXX_LIBRARY = "libc++";
				CLANG_ENABLE_OBJC_ARC = YES;
				CLANG_WARN_CONSTANT_CONVERSION = YES;
				CLANG_WARN_EMPTY_BODY = YES;
				CLANG_WARN_ENUM_CONVERSION = YES;
				CLANG_WARN_INT_CONVERSION = YES;
				CLANG_WARN__DUPLICATE_METHOD_MATCH = YES;
				COPY_PHASE_STRIP = NO;
				GCC_C_LANGUAGE_STANDARD = gnu99;
				GCC_DYNAMIC_NO_PIC = NO;
				GCC_ENABLE_OBJC_EXCEPTIONS = YES;
				GCC_OPTIMIZATION_LEVEL = 0;
				GCC_PREPROCESSOR_DEFINITIONS = (
					"DEBUG=1",
					"$(inherited)",
				);
				GCC_SYMBOLS_PRIVATE_EXTERN = NO;
				GCC_WARN_64_TO_32_BIT_CONVERSION = YES;
				GCC_WARN_ABOUT_RETURN_TYPE = YES;
				GCC_WARN_UNINITIALIZED_AUTOS = YES;
				GCC_WARN_UNUSED_VARIABLE = YES;
				MACOSX_DEPLOYMENT_TARGET = 10.8;
				ONLY_ACTIVE_ARCH = YES;
				SDKROOT = macosx;
				WARNING_CFLAGS = "";
			};
			name = Debug;
		};
		B85586C41737FDA400945AF3 /* Release */ = {
			isa = XCBuildConfiguration;
			buildSettings = {
				ALWAYS_SEARCH_USER_PATHS = NO;
				CLANG_CXX_LANGUAGE_STANDARD = "gnu++0x";
				CLANG_CXX_LIBRARY = "libc++";
				CLANG_ENABLE_OBJC_ARC = YES;
				CLANG_WARN_CONSTANT_CONVERSION = YES;
				CLANG_WARN_EMPTY_BODY = YES;
				CLANG_WARN_ENUM_CONVERSION = YES;
				CLANG_WARN_INT_CONVERSION = YES;
				CLANG_WARN__DUPLICATE_METHOD_MATCH = YES;
				COPY_PHASE_STRIP = YES;
				DEBUG_INFORMATION_FORMAT = "dwarf-with-dsym";
				GCC_C_LANGUAGE_STANDARD = gnu99;
				GCC_ENABLE_OBJC_EXCEPTIONS = YES;
				GCC_WARN_64_TO_32_BIT_CONVERSION = YES;
				GCC_WARN_ABOUT_RETURN_TYPE = YES;
				GCC_WARN_UNINITIALIZED_AUTOS = YES;
				GCC_WARN_UNUSED_VARIABLE = YES;
				MACOSX_DEPLOYMENT_TARGET = 10.8;
				SDKROOT = macosx;
				WARNING_CFLAGS = "";
			};
			name = Release;
		};
		B85586C61737FDA400945AF3 /* Debug */ = {
			isa = XCBuildConfiguration;
			buildSettings = {
				CLANG_ENABLE_MODULES = YES;
				COMBINE_HIDPI_IMAGES = YES;
				DEFINES_MODULE = YES;
				DYLIB_COMPATIBILITY_VERSION = 1;
				DYLIB_CURRENT_VERSION = 1;
				FRAMEWORK_SEARCH_PATHS = "$(inherited)";
				FRAMEWORK_VERSION = A;
				GCC_PRECOMPILE_PREFIX_HEADER = YES;
				GCC_PREFIX_HEADER = "MCGraylog/MCGraylog-Prefix.pch";
				INFOPLIST_FILE = "MCGraylog/MCGraylog-Info.plist";
				LD_DYLIB_INSTALL_NAME = "@rpath/$(EXECUTABLE_PATH)";
				PRODUCT_NAME = "$(TARGET_NAME)";
				WARNING_CFLAGS = (
					"-Weverything",
					"-Wno-gnu",
				);
				WRAPPER_EXTENSION = framework;
			};
			name = Debug;
		};
		B85586C71737FDA400945AF3 /* Release */ = {
			isa = XCBuildConfiguration;
			buildSettings = {
				CLANG_ENABLE_MODULES = YES;
				COMBINE_HIDPI_IMAGES = YES;
				DEFINES_MODULE = YES;
				DYLIB_COMPATIBILITY_VERSION = 1;
				DYLIB_CURRENT_VERSION = 1;
				ENABLE_NS_ASSERTIONS = NO;
				FRAMEWORK_SEARCH_PATHS = "$(inherited)";
				FRAMEWORK_VERSION = A;
				GCC_PRECOMPILE_PREFIX_HEADER = YES;
				GCC_PREFIX_HEADER = "MCGraylog/MCGraylog-Prefix.pch";
				INFOPLIST_FILE = "MCGraylog/MCGraylog-Info.plist";
				LD_DYLIB_INSTALL_NAME = "@rpath/$(EXECUTABLE_PATH)";
				LLVM_LTO = YES;
				PRODUCT_NAME = "$(TARGET_NAME)";
				WARNING_CFLAGS = (
					"-Weverything",
					"-Wno-gnu",
				);
				WRAPPER_EXTENSION = framework;
			};
			name = Release;
		};
/* End XCBuildConfiguration section */

/* Begin XCConfigurationList section */
		2E113C201ADBEBE000CB6A43 /* Build configuration list for PBXNativeTarget "MCGraylogLumberjackSupport" */ = {
			isa = XCConfigurationList;
			buildConfigurations = (
				2E113C1C1ADBEBE000CB6A43 /* Debug */,
				2E113C1D1ADBEBE000CB6A43 /* Release */,
			);
			defaultConfigurationIsVisible = 0;
			defaultConfigurationName = Release;
		};
		2E113C3E1ADBEE0000CB6A43 /* Build configuration list for PBXNativeTarget "MCGraylogLumberjackSupport Tests" */ = {
			isa = XCConfigurationList;
			buildConfigurations = (
				2E113C3F1ADBEE0000CB6A43 /* Debug */,
				2E113C401ADBEE0000CB6A43 /* Release */,
			);
			defaultConfigurationIsVisible = 0;
			defaultConfigurationName = Release;
		};
		AFE428CA1A71E34A0016818E /* Build configuration list for PBXNativeTarget "MCGraylog Tests" */ = {
			isa = XCConfigurationList;
			buildConfigurations = (
				AFE428CB1A71E34A0016818E /* Debug */,
				AFE428CC1A71E34A0016818E /* Release */,
			);
			defaultConfigurationIsVisible = 0;
			defaultConfigurationName = Release;
		};
		B85586951737FDA300945AF3 /* Build configuration list for PBXProject "MCGraylog" */ = {
			isa = XCConfigurationList;
			buildConfigurations = (
				B85586C31737FDA400945AF3 /* Debug */,
				B85586C41737FDA400945AF3 /* Release */,
			);
			defaultConfigurationIsVisible = 0;
			defaultConfigurationName = Release;
		};
		B85586C51737FDA400945AF3 /* Build configuration list for PBXNativeTarget "MCGraylog" */ = {
			isa = XCConfigurationList;
			buildConfigurations = (
				B85586C61737FDA400945AF3 /* Debug */,
				B85586C71737FDA400945AF3 /* Release */,
			);
			defaultConfigurationIsVisible = 0;
			defaultConfigurationName = Release;
		};
/* End XCConfigurationList section */
	};
	rootObject = B85586921737FDA300945AF3 /* Project object */;
}
